
Microsoft Visual Studio Solution File, Format Version 12.00
Project("{FAE04EC0-301F-11D3-BF4B-00C04F79EFBC}") = "HomeWork-55", "HomeWork-55\HomeWork-55.csproj", "{59C9EA75-41CC-43E7-8E04-086A6E4EB121}"
EndProject
Global
	GlobalSection(SolutionConfigurationPlatforms) = preSolution
		Debug|Any CPU = Debug|Any CPU
		Release|Any CPU = Release|Any CPU
	EndGlobalSection
	GlobalSection(ProjectConfigurationPlatforms) = postSolution
		{59C9EA75-41CC-43E7-8E04-086A6E4EB121}.Debug|Any CPU.ActiveCfg = Debug|Any CPU
		{59C9EA75-41CC-43E7-8E04-086A6E4EB121}.Debug|Any CPU.Build.0 = Debug|Any CPU
		{59C9EA75-41CC-43E7-8E04-086A6E4EB121}.Release|Any CPU.ActiveCfg = Release|Any CPU
		{59C9EA75-41CC-43E7-8E04-086A6E4EB121}.Release|Any CPU.Build.0 = Release|Any CPU
	EndGlobalSection
EndGlobal
